// !$*UTF8*$!
{
	archiveVersion = 1;
	classes = {
	};
	objectVersion = 46;
	objects = {

/* Begin PBXBuildFile section */
		9320206A1E202CCF00EC3C63 /* AppDelegate.swift in Sources */ = {isa = PBXBuildFile; fileRef = 932020691E202CCF00EC3C63 /* AppDelegate.swift */; };
		9320206C1E202CCF00EC3C63 /* MainVC.swift in Sources */ = {isa = PBXBuildFile; fileRef = 9320206B1E202CCF00EC3C63 /* MainVC.swift */; };
		9320206F1E202CCF00EC3C63 /* Main.storyboard in Resources */ = {isa = PBXBuildFile; fileRef = 9320206D1E202CCF00EC3C63 /* Main.storyboard */; };
		932020721E202CCF00EC3C63 /* DreamLister.xcdatamodeld in Sources */ = {isa = PBXBuildFile; fileRef = 932020701E202CCF00EC3C63 /* DreamLister.xcdatamodeld */; };
		932020741E202CCF00EC3C63 /* Assets.xcassets in Resources */ = {isa = PBXBuildFile; fileRef = 932020731E202CCF00EC3C63 /* Assets.xcassets */; };
		932020771E202CCF00EC3C63 /* LaunchScreen.storyboard in Resources */ = {isa = PBXBuildFile; fileRef = 932020751E202CCF00EC3C63 /* LaunchScreen.storyboard */; };
		939E7ED81E2040250015C3A8 /* ItemType+CoreDataClass.swift in Sources */ = {isa = PBXBuildFile; fileRef = 939E7ED01E2040250015C3A8 /* ItemType+CoreDataClass.swift */; };
		939E7ED91E2040250015C3A8 /* ItemType+CoreDataProperties.swift in Sources */ = {isa = PBXBuildFile; fileRef = 939E7ED11E2040250015C3A8 /* ItemType+CoreDataProperties.swift */; };
		939E7EDA1E2040250015C3A8 /* Item+CoreDataClass.swift in Sources */ = {isa = PBXBuildFile; fileRef = 939E7ED21E2040250015C3A8 /* Item+CoreDataClass.swift */; };
		939E7EDB1E2040250015C3A8 /* Item+CoreDataProperties.swift in Sources */ = {isa = PBXBuildFile; fileRef = 939E7ED31E2040250015C3A8 /* Item+CoreDataProperties.swift */; };
		939E7EDC1E2040250015C3A8 /* Store+CoreDataClass.swift in Sources */ = {isa = PBXBuildFile; fileRef = 939E7ED41E2040250015C3A8 /* Store+CoreDataClass.swift */; };
		939E7EDD1E2040250015C3A8 /* Store+CoreDataProperties.swift in Sources */ = {isa = PBXBuildFile; fileRef = 939E7ED51E2040250015C3A8 /* Store+CoreDataProperties.swift */; };
		939E7EDE1E2040250015C3A8 /* Image+CoreDataClass.swift in Sources */ = {isa = PBXBuildFile; fileRef = 939E7ED61E2040250015C3A8 /* Image+CoreDataClass.swift */; };
		939E7EDF1E2040250015C3A8 /* Image+CoreDataProperties.swift in Sources */ = {isa = PBXBuildFile; fileRef = 939E7ED71E2040250015C3A8 /* Image+CoreDataProperties.swift */; };
/* End PBXBuildFile section */

/* Begin PBXFileReference section */
		932020661E202CCE00EC3C63 /* DreamLister.app */ = {isa = PBXFileReference; explicitFileType = wrapper.application; includeInIndex = 0; path = DreamLister.app; sourceTree = BUILT_PRODUCTS_DIR; };
		932020691E202CCF00EC3C63 /* AppDelegate.swift */ = {isa = PBXFileReference; lastKnownFileType = sourcecode.swift; path = AppDelegate.swift; sourceTree = "<group>"; };
		9320206B1E202CCF00EC3C63 /* MainVC.swift */ = {isa = PBXFileReference; lastKnownFileType = sourcecode.swift; path = MainVC.swift; sourceTree = "<group>"; };
		9320206E1E202CCF00EC3C63 /* Base */ = {isa = PBXFileReference; lastKnownFileType = file.storyboard; name = Base; path = Base.lproj/Main.storyboard; sourceTree = "<group>"; };
		932020711E202CCF00EC3C63 /* DreamLister.xcdatamodel */ = {isa = PBXFileReference; lastKnownFileType = wrapper.xcdatamodel; path = DreamLister.xcdatamodel; sourceTree = "<group>"; };
		932020731E202CCF00EC3C63 /* Assets.xcassets */ = {isa = PBXFileReference; lastKnownFileType = folder.assetcatalog; path = Assets.xcassets; sourceTree = "<group>"; };
		932020761E202CCF00EC3C63 /* Base */ = {isa = PBXFileReference; lastKnownFileType = file.storyboard; name = Base; path = Base.lproj/LaunchScreen.storyboard; sourceTree = "<group>"; };
		932020781E202CCF00EC3C63 /* Info.plist */ = {isa = PBXFileReference; lastKnownFileType = text.plist.xml; path = Info.plist; sourceTree = "<group>"; };
		939E7ED01E2040250015C3A8 /* ItemType+CoreDataClass.swift */ = {isa = PBXFileReference; fileEncoding = 4; lastKnownFileType = sourcecode.swift; path = "ItemType+CoreDataClass.swift"; sourceTree = "<group>"; };
		939E7ED11E2040250015C3A8 /* ItemType+CoreDataProperties.swift */ = {isa = PBXFileReference; fileEncoding = 4; lastKnownFileType = sourcecode.swift; path = "ItemType+CoreDataProperties.swift"; sourceTree = "<group>"; };
		939E7ED21E2040250015C3A8 /* Item+CoreDataClass.swift */ = {isa = PBXFileReference; fileEncoding = 4; lastKnownFileType = sourcecode.swift; path = "Item+CoreDataClass.swift"; sourceTree = "<group>"; };
		939E7ED31E2040250015C3A8 /* Item+CoreDataProperties.swift */ = {isa = PBXFileReference; fileEncoding = 4; lastKnownFileType = sourcecode.swift; path = "Item+CoreDataProperties.swift"; sourceTree = "<group>"; };
		939E7ED41E2040250015C3A8 /* Store+CoreDataClass.swift */ = {isa = PBXFileReference; fileEncoding = 4; lastKnownFileType = sourcecode.swift; path = "Store+CoreDataClass.swift"; sourceTree = "<group>"; };
		939E7ED51E2040250015C3A8 /* Store+CoreDataProperties.swift */ = {isa = PBXFileReference; fileEncoding = 4; lastKnownFileType = sourcecode.swift; path = "Store+CoreDataProperties.swift"; sourceTree = "<group>"; };
		939E7ED61E2040250015C3A8 /* Image+CoreDataClass.swift */ = {isa = PBXFileReference; fileEncoding = 4; lastKnownFileType = sourcecode.swift; path = "Image+CoreDataClass.swift"; sourceTree = "<group>"; };
		939E7ED71E2040250015C3A8 /* Image+CoreDataProperties.swift */ = {isa = PBXFileReference; fileEncoding = 4; lastKnownFileType = sourcecode.swift; path = "Image+CoreDataProperties.swift"; sourceTree = "<group>"; };
/* End PBXFileReference section */

/* Begin PBXFrameworksBuildPhase section */
		932020631E202CCE00EC3C63 /* Frameworks */ = {
			isa = PBXFrameworksBuildPhase;
			buildActionMask = 2147483647;
			files = (
			);
			runOnlyForDeploymentPostprocessing = 0;
		};
/* End PBXFrameworksBuildPhase section */

/* Begin PBXGroup section */
		9320205D1E202CCE00EC3C63 = {
			isa = PBXGroup;
			children = (
				932020681E202CCE00EC3C63 /* DreamLister */,
				932020671E202CCE00EC3C63 /* Products */,
			);
			sourceTree = "<group>";
		};
		932020671E202CCE00EC3C63 /* Products */ = {
			isa = PBXGroup;
			children = (
				932020661E202CCE00EC3C63 /* DreamLister.app */,
			);
			name = Products;
			sourceTree = "<group>";
		};
		932020681E202CCE00EC3C63 /* DreamLister */ = {
			isa = PBXGroup;
			children = (
				9320208E1E203DCE00EC3C63 /* model */,
				932020691E202CCF00EC3C63 /* AppDelegate.swift */,
				9320206B1E202CCF00EC3C63 /* MainVC.swift */,
				9320206D1E202CCF00EC3C63 /* Main.storyboard */,
				932020731E202CCF00EC3C63 /* Assets.xcassets */,
				932020751E202CCF00EC3C63 /* LaunchScreen.storyboard */,
				932020781E202CCF00EC3C63 /* Info.plist */,
				932020701E202CCF00EC3C63 /* DreamLister.xcdatamodeld */,
			);
			path = DreamLister;
			sourceTree = "<group>";
		};
		9320208E1E203DCE00EC3C63 /* model */ = {
			isa = PBXGroup;
			children = (
				939E7ED01E2040250015C3A8 /* ItemType+CoreDataClass.swift */,
				939E7ED21E2040250015C3A8 /* Item+CoreDataClass.swift */,
				939E7ED41E2040250015C3A8 /* Store+CoreDataClass.swift */,
				939E7ED61E2040250015C3A8 /* Image+CoreDataClass.swift */,
				9320208F1E203DEC00EC3C63 /* Generated */,
			);
			name = model;
			sourceTree = "<group>";
		};
		9320208F1E203DEC00EC3C63 /* Generated */ = {
			isa = PBXGroup;
			children = (
				939E7ED11E2040250015C3A8 /* ItemType+CoreDataProperties.swift */,
				939E7ED31E2040250015C3A8 /* Item+CoreDataProperties.swift */,
				939E7ED51E2040250015C3A8 /* Store+CoreDataProperties.swift */,
				939E7ED71E2040250015C3A8 /* Image+CoreDataProperties.swift */,
			);
			name = Generated;
			sourceTree = "<group>";
		};
/* End PBXGroup section */

/* Begin PBXNativeTarget section */
		932020651E202CCE00EC3C63 /* DreamLister */ = {
			isa = PBXNativeTarget;
			buildConfigurationList = 9320207B1E202CCF00EC3C63 /* Build configuration list for PBXNativeTarget "DreamLister" */;
			buildPhases = (
				932020621E202CCE00EC3C63 /* Sources */,
				932020631E202CCE00EC3C63 /* Frameworks */,
				932020641E202CCE00EC3C63 /* Resources */,
			);
			buildRules = (
			);
			dependencies = (
			);
			name = DreamLister;
			productName = DreamLister;
			productReference = 932020661E202CCE00EC3C63 /* DreamLister.app */;
			productType = "com.apple.product-type.application";
		};
/* End PBXNativeTarget section */

/* Begin PBXProject section */
		9320205E1E202CCE00EC3C63 /* Project object */ = {
			isa = PBXProject;
			attributes = {
				LastSwiftUpdateCheck = 0820;
				LastUpgradeCheck = 0820;
				ORGANIZATIONNAME = YauheniIvaniuk;
				TargetAttributes = {
					932020651E202CCE00EC3C63 = {
						CreatedOnToolsVersion = 8.2;
						DevelopmentTeam = TGQ6Y9489U;
						ProvisioningStyle = Automatic;
					};
				};
			};
			buildConfigurationList = 932020611E202CCE00EC3C63 /* Build configuration list for PBXProject "DreamLister" */;
			compatibilityVersion = "Xcode 3.2";
			developmentRegion = English;
			hasScannedForEncodings = 0;
			knownRegions = (
				en,
				Base,
			);
			mainGroup = 9320205D1E202CCE00EC3C63;
			productRefGroup = 932020671E202CCE00EC3C63 /* Products */;
			projectDirPath = "";
			projectRoot = "";
			targets = (
				932020651E202CCE00EC3C63 /* DreamLister */,
			);
		};
/* End PBXProject section */

/* Begin PBXResourcesBuildPhase section */
		932020641E202CCE00EC3C63 /* Resources */ = {
			isa = PBXResourcesBuildPhase;
			buildActionMask = 2147483647;
			files = (
				932020771E202CCF00EC3C63 /* LaunchScreen.storyboard in Resources */,
				932020741E202CCF00EC3C63 /* Assets.xcassets in Resources */,
				9320206F1E202CCF00EC3C63 /* Main.storyboard in Resources */,
			);
			runOnlyForDeploymentPostprocessing = 0;
		};
/* End PBXResourcesBuildPhase section */

/* Begin PBXSourcesBuildPhase section */
		932020621E202CCE00EC3C63 /* Sources */ = {
			isa = PBXSourcesBuildPhase;
			buildActionMask = 2147483647;
			files = (
				939E7EDB1E2040250015C3A8 /* Item+CoreDataProperties.swift in Sources */,
				939E7EDA1E2040250015C3A8 /* Item+CoreDataClass.swift in Sources */,
				939E7ED81E2040250015C3A8 /* ItemType+CoreDataClass.swift in Sources */,
				939E7ED91E2040250015C3A8 /* ItemType+CoreDataProperties.swift in Sources */,
				939E7EDD1E2040250015C3A8 /* Store+CoreDataProperties.swift in Sources */,
				9320206C1E202CCF00EC3C63 /* MainVC.swift in Sources */,
				939E7EDC1E2040250015C3A8 /* Store+CoreDataClass.swift in Sources */,
				9320206A1E202CCF00EC3C63 /* AppDelegate.swift in Sources */,
				932020721E202CCF00EC3C63 /* DreamLister.xcdatamodeld in Sources */,
				939E7EDE1E2040250015C3A8 /* Image+CoreDataClass.swift in Sources */,
				939E7EDF1E2040250015C3A8 /* Image+CoreDataProperties.swift in Sources */,
			);
			runOnlyForDeploymentPostprocessing = 0;
		};
/* End PBXSourcesBuildPhase section */

/* Begin PBXVariantGroup section */
		9320206D1E202CCF00EC3C63 /* Main.storyboard */ = {
			isa = PBXVariantGroup;
			children = (
				9320206E1E202CCF00EC3C63 /* Base */,
			);
			name = Main.storyboard;
			sourceTree = "<group>";
		};
		932020751E202CCF00EC3C63 /* LaunchScreen.storyboard */ = {
			isa = PBXVariantGroup;
			children = (
				932020761E202CCF00EC3C63 /* Base */,
			);
			name = LaunchScreen.storyboard;
			sourceTree = "<group>";
		};
/* End PBXVariantGroup section */

/* Begin XCBuildConfiguration section */
		932020791E202CCF00EC3C63 /* Debug */ = {
			isa = XCBuildConfiguration;
			buildSettings = {
				ALWAYS_SEARCH_USER_PATHS = NO;
				CLANG_ANALYZER_NONNULL = YES;
				CLANG_CXX_LANGUAGE_STANDARD = "gnu++0x";
				CLANG_CXX_LIBRARY = "libc++";
				CLANG_ENABLE_MODULES = YES;
				CLANG_ENABLE_OBJC_ARC = YES;
				CLANG_WARN_BOOL_CONVERSION = YES;
				CLANG_WARN_CONSTANT_CONVERSION = YES;
				CLANG_WARN_DIRECT_OBJC_ISA_USAGE = YES_ERROR;
				CLANG_WARN_DOCUMENTATION_COMMENTS = YES;
				CLANG_WARN_EMPTY_BODY = YES;
				CLANG_WARN_ENUM_CONVERSION = YES;
				CLANG_WARN_INFINITE_RECURSION = YES;
				CLANG_WARN_INT_CONVERSION = YES;
				CLANG_WARN_OBJC_ROOT_CLASS = YES_ERROR;
				CLANG_WARN_SUSPICIOUS_MOVE = YES;
				CLANG_WARN_UNREACHABLE_CODE = YES;
				CLANG_WARN__DUPLICATE_METHOD_MATCH = YES;
				"CODE_SIGN_IDENTITY[sdk=iphoneos*]" = "iPhone Developer";
				COPY_PHASE_STRIP = NO;
				DEBUG_INFORMATION_FORMAT = dwarf;
				ENABLE_STRICT_OBJC_MSGSEND = YES;
				ENABLE_TESTABILITY = YES;
				GCC_C_LANGUAGE_STANDARD = gnu99;
				GCC_DYNAMIC_NO_PIC = NO;
				GCC_NO_COMMON_BLOCKS = YES;
				GCC_OPTIMIZATION_LEVEL = 0;
				GCC_PREPROCESSOR_DEFINITIONS = (
					"DEBUG=1",
					"$(inherited)",
				);
				GCC_WARN_64_TO_32_BIT_CONVERSION = YES;
				GCC_WARN_ABOUT_RETURN_TYPE = YES_ERROR;
				GCC_WARN_UNDECLARED_SELECTOR = YES;
				GCC_WARN_UNINITIALIZED_AUTOS = YES_AGGRESSIVE;
				GCC_WARN_UNUSED_FUNCTION = YES;
				GCC_WARN_UNUSED_VARIABLE = YES;
				IPHONEOS_DEPLOYMENT_TARGET = 10.2;
				MTL_ENABLE_DEBUG_INFO = YES;
				ONLY_ACTIVE_ARCH = YES;
				SDKROOT = iphoneos;
				SWIFT_ACTIVE_COMPILATION_CONDITIONS = DEBUG;
				SWIFT_OPTIMIZATION_LEVEL = "-Onone";
				TARGETED_DEVICE_FAMILY = "1,2";
			};
			name = Debug;
		};
		9320207A1E202CCF00EC3C63 /* Release */ = {
			isa = XCBuildConfiguration;
			buildSettings = {
				ALWAYS_SEARCH_USER_PATHS = NO;
				CLANG_ANALYZER_NONNULL = YES;
				CLANG_CXX_LANGUAGE_STANDARD = "gnu++0x";
				CLANG_CXX_LIBRARY = "libc++";
				CLANG_ENABLE_MODULES = YES;
				CLANG_ENABLE_OBJC_ARC = YES;
				CLANG_WARN_BOOL_CONVERSION = YES;
				CLANG_WARN_CONSTANT_CONVERSION = YES;
				CLANG_WARN_DIRECT_OBJC_ISA_USAGE = YES_ERROR;
				CLANG_WARN_DOCUMENTATION_COMMENTS = YES;
				CLANG_WARN_EMPTY_BODY = YES;
				CLANG_WARN_ENUM_CONVERSION = YES;
				CLANG_WARN_INFINITE_RECURSION = YES;
				CLANG_WARN_INT_CONVERSION = YES;
				CLANG_WARN_OBJC_ROOT_CLASS = YES_ERROR;
				CLANG_WARN_SUSPICIOUS_MOVE = YES;
				CLANG_WARN_UNREACHABLE_CODE = YES;
				CLANG_WARN__DUPLICATE_METHOD_MATCH = YES;
				"CODE_SIGN_IDENTITY[sdk=iphoneos*]" = "iPhone Developer";
				COPY_PHASE_STRIP = NO;
				DEBUG_INFORMATION_FORMAT = "dwarf-with-dsym";
				ENABLE_NS_ASSERTIONS = NO;
				ENABLE_STRICT_OBJC_MSGSEND = YES;
				GCC_C_LANGUAGE_STANDARD = gnu99;
				GCC_NO_COMMON_BLOCKS = YES;
				GCC_WARN_64_TO_32_BIT_CONVERSION = YES;
				GCC_WARN_ABOUT_RETURN_TYPE = YES_ERROR;
				GCC_WARN_UNDECLARED_SELECTOR = YES;
				GCC_WARN_UNINITIALIZED_AUTOS = YES_AGGRESSIVE;
				GCC_WARN_UNUSED_FUNCTION = YES;
				GCC_WARN_UNUSED_VARIABLE = YES;
				IPHONEOS_DEPLOYMENT_TARGET = 10.2;
				MTL_ENABLE_DEBUG_INFO = NO;
				SDKROOT = iphoneos;
				SWIFT_OPTIMIZATION_LEVEL = "-Owholemodule";
				TARGETED_DEVICE_FAMILY = "1,2";
				VALIDATE_PRODUCT = YES;
			};
			name = Release;
		};
		9320207C1E202CCF00EC3C63 /* Debug */ = {
			isa = XCBuildConfiguration;
			buildSettings = {
				ASSETCATALOG_COMPILER_APPICON_NAME = AppIcon;
				DEVELOPMENT_TEAM = TGQ6Y9489U;
				INFOPLIST_FILE = DreamLister/Info.plist;
				LD_RUNPATH_SEARCH_PATHS = "$(inherited) @executable_path/Frameworks";
				PRODUCT_BUNDLE_IDENTIFIER = com.YauheniIvaniuk.DreamLister;
				PRODUCT_NAME = "$(TARGET_NAME)";
				SWIFT_VERSION = 3.0;
			};
			name = Debug;
		};
		9320207D1E202CCF00EC3C63 /* Release */ = {
			isa = XCBuildConfiguration;
			buildSettings = {
				ASSETCATALOG_COMPILER_APPICON_NAME = AppIcon;
				DEVELOPMENT_TEAM = TGQ6Y9489U;
				INFOPLIST_FILE = DreamLister/Info.plist;
				LD_RUNPATH_SEARCH_PATHS = "$(inherited) @executable_path/Frameworks";
				PRODUCT_BUNDLE_IDENTIFIER = com.YauheniIvaniuk.DreamLister;
				PRODUCT_NAME = "$(TARGET_NAME)";
				SWIFT_VERSION = 3.0;
			};
			name = Release;
		};
/* End XCBuildConfiguration section */

/* Begin XCConfigurationList section */
		932020611E202CCE00EC3C63 /* Build configuration list for PBXProject "DreamLister" */ = {
			isa = XCConfigurationList;
			buildConfigurations = (
				932020791E202CCF00EC3C63 /* Debug */,
				9320207A1E202CCF00EC3C63 /* Release */,
			);
			defaultConfigurationIsVisible = 0;
			defaultConfigurationName = Release;
		};
		9320207B1E202CCF00EC3C63 /* Build configuration list for PBXNativeTarget "DreamLister" */ = {
			isa = XCConfigurationList;
			buildConfigurations = (
				9320207C1E202CCF00EC3C63 /* Debug */,
				9320207D1E202CCF00EC3C63 /* Release */,
			);
			defaultConfigurationIsVisible = 0;
			defaultConfigurationName = Release;
		};
/* End XCConfigurationList section */

/* Begin XCVersionGroup section */
		932020701E202CCF00EC3C63 /* DreamLister.xcdatamodeld */ = {
			isa = XCVersionGroup;
			children = (
				932020711E202CCF00EC3C63 /* DreamLister.xcdatamodel */,
			);
			currentVersion = 932020711E202CCF00EC3C63 /* DreamLister.xcdatamodel */;
			path = DreamLister.xcdatamodeld;
			sourceTree = "<group>";
			versionGroupType = wrapper.xcdatamodel;
		};
/* End XCVersionGroup section */
	};
	rootObject = 9320205E1E202CCE00EC3C63 /* Project object */;
}
